dependencies:
  ESP_FAST_LCD:
    component_hash: 6722c0dcce46a3434c6aa646ed90ed307fff7482fe984dbc00ed7385330446ed
    dependencies:
    - name: idf
      version: '>=5.0'
    source:
      git: https://github.com/Argon4W/ESP_FAST_LCD.git
      path: .
      type: git
    version: eb7f9713efe9ebf6c011f64b47091a5ba515e4bb
  espressif/button:
    component_hash: a1f34e8ed2e61ffef1a230fd9477005c2db335c7e1f6a239f43e5f119dcbe1b0
    dependencies:
    - name: espressif/cmake_utilities
      registry_url: https://components.espressif.com
      require: private
      version: '*'
    - name: idf
      require: private
      version: '>=4.0'
    source:
      registry_url: https://components.espressif.com/
      type: service
    version: 4.2.1
  espressif/cmake_utilities:
    component_hash: 05165f30922b422b4b90c08845e6d449329b97370fbd06309803d8cb539d79e3
    dependencies:
    - name: idf
      require: private
      version: '>=4.1'
    source:
      registry_url: https://components.espressif.com
      type: service
    version: 1.1.1
  espressif/eigen:
    component_hash: 64a82d75ea6b7cb9240398ce0b6616e905d71b83a734b2cf9cb58ad09dd4f5ea
    dependencies:
    - name: idf
      require: private
      version: '>=4.3.0'
    source:
      registry_url: https://components.espressif.com/
      type: service
    version: 3.4.0~2
  idf:
    source:
      type: idf
    version: 5.5.2
  lsm6dsv-pid:
    component_hash: 3a72d5460dd58ade5815caa1e269fae2214354f2ab439e424580e3eb8788d7f7
    dependencies:
    - name: idf
      version: '>=5.0'
    source:
      git: https://github.com/Argon4W/lsm6dsv-pid.git
      path: .
      type: git
    version: 02c5dcb8fa38c896892c940869c0f37ec691ece8
  magneto-pid:
    component_hash: 0b30e3cb5dfc31fbbcb4d72e7251a6d298ca73f4bc63894249762ea74a143334
    dependencies:
    - name: idf
      version: '>=5.0'
    source:
      git: https://github.com/Argon4W/magneto-pid.git
      path: .
      type: git
    version: ab830053ee98c3c38c0d9eb270a3281354e3fbcc
  qmc6309-pid:
    component_hash: b282e168466a3fd3eb0388a7abf7342799ac0e18b7c9d8d4ee3e5c30f3976d12
    dependencies:
    - name: idf
      version: '>=5.0'
    source:
      git: https://github.com/Argon4W/qmc6309-pid.git
      path: .
      type: git
    version: 90b994c2b9a56d70eeac867be7d53708b6dc263f
  waveshare/esp_lcd_st7735:
    component_hash: 811c4168555af5878eb9ec8c3eee8af277afebc3bc516bc0daa57656eee09c69
    dependencies: []
    source:
      registry_url: https://components.espressif.com/
      type: service
    version: 1.0.1
direct_dependencies:
- ESP_FAST_LCD
- espressif/button
- espressif/eigen
- lsm6dsv-pid
- magneto-pid
- qmc6309-pid
- waveshare/esp_lcd_st7735
manifest_hash: a26b85a5aaee6ecae791e334e0981e8e1fb934a1d0b85798bd2184c9417e1226
target: esp32s3
version: 2.0.0
